
Microsoft Visual Studio Solution File, Format Version 12.00
# Visual Studio Version 17
VisualStudioVersion = 17.3.32922.545
MinimumVisualStudioVersion = 10.0.40219.1
Project("{9A19103F-16F7-4668-BE54-9A1E7A4F7556}") = "CbzMage", "Source\CbzMage\CbzMage.csproj", "{9F90CA65-B5FF-43FB-83F4-0214CFEA6C56}"
EndProject
Project("{9A19103F-16F7-4668-BE54-9A1E7A4F7556}") = "PdfConverter", "Source\PdfConverter\PdfConverter.csproj", "{8FCD5823-D2C7-4E36-8432-FDFB07FC3886}"
EndProject
Project("{9A19103F-16F7-4668-BE54-9A1E7A4F7556}") = "CbzMage.Shared", "Source\CbzMage.Shared\CbzMage.Shared.csproj", "{391C0C20-EB3F-452C-A683-353243BAE7EB}"
EndProject
Project("{9A19103F-16F7-4668-BE54-9A1E7A4F7556}") = "AzwConverter", "Source\AzwConverter\AzwConverter.csproj", "{A03C4A66-534E-4C23-94E9-5EFC38A220E2}"
EndProject
Project("{2150E333-8FDC-42A3-9474-1A3956D46DE8}") = "CbzMageExternal", "CbzMageExternal", "{926715BF-4197-4640-A99E-80F88BBBFA99}"
	ProjectSection(SolutionItems) = preProject
		Source\Publish.bat = Source\Publish.bat
		Source\ReadmeExternalProjects.txt = Source\ReadmeExternalProjects.txt
	EndProjectSection
EndProject
Project("{9A19103F-16F7-4668-BE54-9A1E7A4F7556}") = "MobiMetadata", "..\CbzMageExternal\MobiMetadata\Source\MobiMetadata\MobiMetadata.csproj", "{E849A028-6AE9-478D-B405-B3038F5D1777}"
EndProject
Project("{9A19103F-16F7-4668-BE54-9A1E7A4F7556}") = "BlackSteedConverter", "Source\BlackSteedConverter\BlackSteedConverter.csproj", "{F22AA4A0-3913-4DA9-B280-9980943D6C0E}"
EndProject
Project("{9A19103F-16F7-4668-BE54-9A1E7A4F7556}") = "AdvancedSharpAdbClient", "..\CbzMageExternal\AdvancedSharpAdbClient\AdvancedSharpAdbClient\AdvancedSharpAdbClient.csproj", "{B0CCBC92-FA87-49C6-AFDC-EFF45349B0BA}"
EndProject
Global
	GlobalSection(SolutionConfigurationPlatforms) = preSolution
		Debug|Any CPU = Debug|Any CPU
		Debug|x64 = Debug|x64
		Debug|x86 = Debug|x86
		Release|Any CPU = Release|Any CPU
		Release|x64 = Release|x64
		Release|x86 = Release|x86
	EndGlobalSection
	GlobalSection(ProjectConfigurationPlatforms) = postSolution
		{9F90CA65-B5FF-43FB-83F4-0214CFEA6C56}.Debug|Any CPU.ActiveCfg = Debug|Any CPU
		{9F90CA65-B5FF-43FB-83F4-0214CFEA6C56}.Debug|Any CPU.Build.0 = Debug|Any CPU
		{9F90CA65-B5FF-43FB-83F4-0214CFEA6C56}.Debug|x64.ActiveCfg = Debug|Any CPU
		{9F90CA65-B5FF-43FB-83F4-0214CFEA6C56}.Debug|x64.Build.0 = Debug|Any CPU
		{9F90CA65-B5FF-43FB-83F4-0214CFEA6C56}.Debug|x86.ActiveCfg = Debug|Any CPU
		{9F90CA65-B5FF-43FB-83F4-0214CFEA6C56}.Debug|x86.Build.0 = Debug|Any CPU
		{9F90CA65-B5FF-43FB-83F4-0214CFEA6C56}.Release|Any CPU.ActiveCfg = Release|Any CPU
		{9F90CA65-B5FF-43FB-83F4-0214CFEA6C56}.Release|Any CPU.Build.0 = Release|Any CPU
		{9F90CA65-B5FF-43FB-83F4-0214CFEA6C56}.Release|x64.ActiveCfg = Release|Any CPU
		{9F90CA65-B5FF-43FB-83F4-0214CFEA6C56}.Release|x64.Build.0 = Release|Any CPU
		{9F90CA65-B5FF-43FB-83F4-0214CFEA6C56}.Release|x86.ActiveCfg = Release|Any CPU
		{9F90CA65-B5FF-43FB-83F4-0214CFEA6C56}.Release|x86.Build.0 = Release|Any CPU
		{8FCD5823-D2C7-4E36-8432-FDFB07FC3886}.Debug|Any CPU.ActiveCfg = Debug|Any CPU
		{8FCD5823-D2C7-4E36-8432-FDFB07FC3886}.Debug|Any CPU.Build.0 = Debug|Any CPU
		{8FCD5823-D2C7-4E36-8432-FDFB07FC3886}.Debug|x64.ActiveCfg = Debug|Any CPU
		{8FCD5823-D2C7-4E36-8432-FDFB07FC3886}.Debug|x64.Build.0 = Debug|Any CPU
		{8FCD5823-D2C7-4E36-8432-FDFB07FC3886}.Debug|x86.ActiveCfg = Debug|Any CPU
		{8FCD5823-D2C7-4E36-8432-FDFB07FC3886}.Debug|x86.Build.0 = Debug|Any CPU
		{8FCD5823-D2C7-4E36-8432-FDFB07FC3886}.Release|Any CPU.ActiveCfg = Release|Any CPU
		{8FCD5823-D2C7-4E36-8432-FDFB07FC3886}.Release|Any CPU.Build.0 = Release|Any CPU
		{8FCD5823-D2C7-4E36-8432-FDFB07FC3886}.Release|x64.ActiveCfg = Release|Any CPU
		{8FCD5823-D2C7-4E36-8432-FDFB07FC3886}.Release|x64.Build.0 = Release|Any CPU
		{8FCD5823-D2C7-4E36-8432-FDFB07FC3886}.Release|x86.ActiveCfg = Release|Any CPU
		{8FCD5823-D2C7-4E36-8432-FDFB07FC3886}.Release|x86.Build.0 = Release|Any CPU
		{391C0C20-EB3F-452C-A683-353243BAE7EB}.Debug|Any CPU.ActiveCfg = Debug|Any CPU
		{391C0C20-EB3F-452C-A683-353243BAE7EB}.Debug|Any CPU.Build.0 = Debug|Any CPU
		{391C0C20-EB3F-452C-A683-353243BAE7EB}.Debug|x64.ActiveCfg = Debug|Any CPU
		{391C0C20-EB3F-452C-A683-353243BAE7EB}.Debug|x64.Build.0 = Debug|Any CPU
		{391C0C20-EB3F-452C-A683-353243BAE7EB}.Debug|x86.ActiveCfg = Debug|Any CPU
		{391C0C20-EB3F-452C-A683-353243BAE7EB}.Debug|x86.Build.0 = Debug|Any CPU
		{391C0C20-EB3F-452C-A683-353243BAE7EB}.Release|Any CPU.ActiveCfg = Release|Any CPU
		{391C0C20-EB3F-452C-A683-353243BAE7EB}.Release|Any CPU.Build.0 = Release|Any CPU
		{391C0C20-EB3F-452C-A683-353243BAE7EB}.Release|x64.ActiveCfg = Release|Any CPU
		{391C0C20-EB3F-452C-A683-353243BAE7EB}.Release|x64.Build.0 = Release|Any CPU
		{391C0C20-EB3F-452C-A683-353243BAE7EB}.Release|x86.ActiveCfg = Release|Any CPU
		{391C0C20-EB3F-452C-A683-353243BAE7EB}.Release|x86.Build.0 = Release|Any CPU
		{A03C4A66-534E-4C23-94E9-5EFC38A220E2}.Debug|Any CPU.ActiveCfg = Debug|Any CPU
		{A03C4A66-534E-4C23-94E9-5EFC38A220E2}.Debug|Any CPU.Build.0 = Debug|Any CPU
		{A03C4A66-534E-4C23-94E9-5EFC38A220E2}.Debug|x64.ActiveCfg = Debug|Any CPU
		{A03C4A66-534E-4C23-94E9-5EFC38A220E2}.Debug|x64.Build.0 = Debug|Any CPU
		{A03C4A66-534E-4C23-94E9-5EFC38A220E2}.Debug|x86.ActiveCfg = Debug|Any CPU
		{A03C4A66-534E-4C23-94E9-5EFC38A220E2}.Debug|x86.Build.0 = Debug|Any CPU
		{A03C4A66-534E-4C23-94E9-5EFC38A220E2}.Release|Any CPU.ActiveCfg = Release|Any CPU
		{A03C4A66-534E-4C23-94E9-5EFC38A220E2}.Release|Any CPU.Build.0 = Release|Any CPU
		{A03C4A66-534E-4C23-94E9-5EFC38A220E2}.Release|x64.ActiveCfg = Release|Any CPU
		{A03C4A66-534E-4C23-94E9-5EFC38A220E2}.Release|x64.Build.0 = Release|Any CPU
		{A03C4A66-534E-4C23-94E9-5EFC38A220E2}.Release|x86.ActiveCfg = Release|Any CPU
		{A03C4A66-534E-4C23-94E9-5EFC38A220E2}.Release|x86.Build.0 = Release|Any CPU
		{E849A028-6AE9-478D-B405-B3038F5D1777}.Debug|Any CPU.ActiveCfg = Debug|Any CPU
		{E849A028-6AE9-478D-B405-B3038F5D1777}.Debug|Any CPU.Build.0 = Debug|Any CPU
		{E849A028-6AE9-478D-B405-B3038F5D1777}.Debug|x64.ActiveCfg = Debug|Any CPU
		{E849A028-6AE9-478D-B405-B3038F5D1777}.Debug|x64.Build.0 = Debug|Any CPU
		{E849A028-6AE9-478D-B405-B3038F5D1777}.Debug|x86.ActiveCfg = Debug|Any CPU
		{E849A028-6AE9-478D-B405-B3038F5D1777}.Debug|x86.Build.0 = Debug|Any CPU
		{E849A028-6AE9-478D-B405-B3038F5D1777}.Release|Any CPU.ActiveCfg = Release|Any CPU
		{E849A028-6AE9-478D-B405-B3038F5D1777}.Release|Any CPU.Build.0 = Release|Any CPU
		{E849A028-6AE9-478D-B405-B3038F5D1777}.Release|x64.ActiveCfg = Release|Any CPU
		{E849A028-6AE9-478D-B405-B3038F5D1777}.Release|x64.Build.0 = Release|Any CPU
		{E849A028-6AE9-478D-B405-B3038F5D1777}.Release|x86.ActiveCfg = Release|Any CPU
		{E849A028-6AE9-478D-B405-B3038F5D1777}.Release|x86.Build.0 = Release|Any CPU
		{F22AA4A0-3913-4DA9-B280-9980943D6C0E}.Debug|Any CPU.ActiveCfg = Debug|Any CPU
		{F22AA4A0-3913-4DA9-B280-9980943D6C0E}.Debug|Any CPU.Build.0 = Debug|Any CPU
		{F22AA4A0-3913-4DA9-B280-9980943D6C0E}.Debug|x64.ActiveCfg = Debug|Any CPU
		{F22AA4A0-3913-4DA9-B280-9980943D6C0E}.Debug|x64.Build.0 = Debug|Any CPU
		{F22AA4A0-3913-4DA9-B280-9980943D6C0E}.Debug|x86.ActiveCfg = Debug|Any CPU
		{F22AA4A0-3913-4DA9-B280-9980943D6C0E}.Debug|x86.Build.0 = Debug|Any CPU
		{F22AA4A0-3913-4DA9-B280-9980943D6C0E}.Release|Any CPU.ActiveCfg = Release|Any CPU
		{F22AA4A0-3913-4DA9-B280-9980943D6C0E}.Release|Any CPU.Build.0 = Release|Any CPU
		{F22AA4A0-3913-4DA9-B280-9980943D6C0E}.Release|x64.ActiveCfg = Release|Any CPU
		{F22AA4A0-3913-4DA9-B280-9980943D6C0E}.Release|x64.Build.0 = Release|Any CPU
		{F22AA4A0-3913-4DA9-B280-9980943D6C0E}.Release|x86.ActiveCfg = Release|Any CPU
		{F22AA4A0-3913-4DA9-B280-9980943D6C0E}.Release|x86.Build.0 = Release|Any CPU
		{B0CCBC92-FA87-49C6-AFDC-EFF45349B0BA}.Debug|Any CPU.ActiveCfg = Debug|Any CPU
		{B0CCBC92-FA87-49C6-AFDC-EFF45349B0BA}.Debug|Any CPU.Build.0 = Debug|Any CPU
		{B0CCBC92-FA87-49C6-AFDC-EFF45349B0BA}.Debug|x64.ActiveCfg = Debug|Any CPU
		{B0CCBC92-FA87-49C6-AFDC-EFF45349B0BA}.Debug|x64.Build.0 = Debug|Any CPU
		{B0CCBC92-FA87-49C6-AFDC-EFF45349B0BA}.Debug|x86.ActiveCfg = Debug|Any CPU
		{B0CCBC92-FA87-49C6-AFDC-EFF45349B0BA}.Debug|x86.Build.0 = Debug|Any CPU
		{B0CCBC92-FA87-49C6-AFDC-EFF45349B0BA}.Release|Any CPU.ActiveCfg = Release|Any CPU
		{B0CCBC92-FA87-49C6-AFDC-EFF45349B0BA}.Release|Any CPU.Build.0 = Release|Any CPU
		{B0CCBC92-FA87-49C6-AFDC-EFF45349B0BA}.Release|x64.ActiveCfg = Release|Any CPU
		{B0CCBC92-FA87-49C6-AFDC-EFF45349B0BA}.Release|x64.Build.0 = Release|Any CPU
		{B0CCBC92-FA87-49C6-AFDC-EFF45349B0BA}.Release|x86.ActiveCfg = Release|Any CPU
		{B0CCBC92-FA87-49C6-AFDC-EFF45349B0BA}.Release|x86.Build.0 = Release|Any CPU
	EndGlobalSection
	GlobalSection(SolutionProperties) = preSolution
		HideSolutionNode = FALSE
	EndGlobalSection
	GlobalSection(ExtensibilityGlobals) = postSolution
		SolutionGuid = {BB0A3794-000A-44B2-A6EE-29561EF6FE00}
	EndGlobalSection
EndGlobal
